
Microsoft Visual Studio Solution File, Format Version 12.00
# Visual Studio 15
VisualStudioVersion = 15.0.28010.2003
MinimumVisualStudioVersion = 10.0.40219.1
Project("{2150E333-8FDC-42A3-9474-1A3956D46DE8}") = "Web", "Web", "{89483C69-8AFD-4B00-910C-97AE190ADE85}"
EndProject
Project("{2150E333-8FDC-42A3-9474-1A3956D46DE8}") = "Lib", "Lib", "{CBB5DF61-7938-463A-946E-736F01F82131}"
EndProject
Project("{2150E333-8FDC-42A3-9474-1A3956D46DE8}") = "Test", "Test", "{053DC4D9-35F6-4EC5-A83F-86E47C47E770}"
EndProject
Project("{9A19103F-16F7-4668-BE54-9A1E7A4F7556}") = "LF_CMS.Site", "LF_CMS.Site\LF_CMS.Site.csproj", "{6867912C-8EF2-408A-8C2A-AA12E7D434CA}"
EndProject
Project("{9A19103F-16F7-4668-BE54-9A1E7A4F7556}") = "LF_CMS.Repositonry", "LF_CMS.Repositonry\LF_CMS.Repositonry.csproj", "{474C1803-3511-443A-879B-56AE446F6B12}"
EndProject
Project("{9A19103F-16F7-4668-BE54-9A1E7A4F7556}") = "LF_CMS.Core", "LF_CMS.Core\LF_CMS.Core.csproj", "{8B7919D5-7C24-4640-9F36-11CE03C41F39}"
EndProject
Project("{9A19103F-16F7-4668-BE54-9A1E7A4F7556}") = "LF_CMS.Models", "LF_CMS.Models\LF_CMS.Models.csproj", "{015B6231-581A-4644-B17B-11A67E559C5A}"
EndProject
Project("{9A19103F-16F7-4668-BE54-9A1E7A4F7556}") = "LF_CMS.Manage", "LF_CMS.Manage\LF_CMS.Manage.csproj", "{34A4B017-285E-48E4-A784-175F12907EB4}"
EndProject
Project("{9A19103F-16F7-4668-BE54-9A1E7A4F7556}") = "LF.CMS.Api", "LF.CMS.Api\LF.CMS.Api.csproj", "{73E2CA53-E4B2-446E-8DF6-2D5DB6511C64}"
EndProject
Project("{9A19103F-16F7-4668-BE54-9A1E7A4F7556}") = "LF_CMS.ApiTest", "LF_CMS.ApiTest\LF_CMS.ApiTest.csproj", "{7C5F8E09-3509-4158-ADF5-E2C5754CDF7C}"
EndProject
Project("{FAE04EC0-301F-11D3-BF4B-00C04F79EFBC}") = "LF_CMS.Services", "LF_CMS.Services\LF_CMS.Services.csproj", "{89E454D6-41D9-4684-96C5-09D8D92BDBC3}"
EndProject
Project("{FAE04EC0-301F-11D3-BF4B-00C04F79EFBC}") = "LF_CMS.ServicesTest", "LF_CMS.ServicesTest\LF_CMS.ServicesTest.csproj", "{74597272-59C4-400F-9A83-F0735CCE2189}"
EndProject
Global
	GlobalSection(SolutionConfigurationPlatforms) = preSolution
		Debug|Any CPU = Debug|Any CPU
		Release|Any CPU = Release|Any CPU
	EndGlobalSection
	GlobalSection(ProjectConfigurationPlatforms) = postSolution
		{6867912C-8EF2-408A-8C2A-AA12E7D434CA}.Debug|Any CPU.ActiveCfg = Debug|Any CPU
		{6867912C-8EF2-408A-8C2A-AA12E7D434CA}.Debug|Any CPU.Build.0 = Debug|Any CPU
		{6867912C-8EF2-408A-8C2A-AA12E7D434CA}.Release|Any CPU.ActiveCfg = Release|Any CPU
		{6867912C-8EF2-408A-8C2A-AA12E7D434CA}.Release|Any CPU.Build.0 = Release|Any CPU
		{474C1803-3511-443A-879B-56AE446F6B12}.Debug|Any CPU.ActiveCfg = Debug|Any CPU
		{474C1803-3511-443A-879B-56AE446F6B12}.Debug|Any CPU.Build.0 = Debug|Any CPU
		{474C1803-3511-443A-879B-56AE446F6B12}.Release|Any CPU.ActiveCfg = Release|Any CPU
		{474C1803-3511-443A-879B-56AE446F6B12}.Release|Any CPU.Build.0 = Release|Any CPU
		{8B7919D5-7C24-4640-9F36-11CE03C41F39}.Debug|Any CPU.ActiveCfg = Debug|Any CPU
		{8B7919D5-7C24-4640-9F36-11CE03C41F39}.Debug|Any CPU.Build.0 = Debug|Any CPU
		{8B7919D5-7C24-4640-9F36-11CE03C41F39}.Release|Any CPU.ActiveCfg = Release|Any CPU
		{8B7919D5-7C24-4640-9F36-11CE03C41F39}.Release|Any CPU.Build.0 = Release|Any CPU
		{015B6231-581A-4644-B17B-11A67E559C5A}.Debug|Any CPU.ActiveCfg = Debug|Any CPU
		{015B6231-581A-4644-B17B-11A67E559C5A}.Debug|Any CPU.Build.0 = Debug|Any CPU
		{015B6231-581A-4644-B17B-11A67E559C5A}.Release|Any CPU.ActiveCfg = Release|Any CPU
		{015B6231-581A-4644-B17B-11A67E559C5A}.Release|Any CPU.Build.0 = Release|Any CPU
		{34A4B017-285E-48E4-A784-175F12907EB4}.Debug|Any CPU.ActiveCfg = Debug|Any CPU
		{34A4B017-285E-48E4-A784-175F12907EB4}.Debug|Any CPU.Build.0 = Debug|Any CPU
		{34A4B017-285E-48E4-A784-175F12907EB4}.Release|Any CPU.ActiveCfg = Release|Any CPU
		{34A4B017-285E-48E4-A784-175F12907EB4}.Release|Any CPU.Build.0 = Release|Any CPU
		{73E2CA53-E4B2-446E-8DF6-2D5DB6511C64}.Debug|Any CPU.ActiveCfg = Debug|Any CPU
		{73E2CA53-E4B2-446E-8DF6-2D5DB6511C64}.Debug|Any CPU.Build.0 = Debug|Any CPU
		{73E2CA53-E4B2-446E-8DF6-2D5DB6511C64}.Release|Any CPU.ActiveCfg = Release|Any CPU
		{73E2CA53-E4B2-446E-8DF6-2D5DB6511C64}.Release|Any CPU.Build.0 = Release|Any CPU
		{7C5F8E09-3509-4158-ADF5-E2C5754CDF7C}.Debug|Any CPU.ActiveCfg = Debug|Any CPU
		{7C5F8E09-3509-4158-ADF5-E2C5754CDF7C}.Debug|Any CPU.Build.0 = Debug|Any CPU
		{7C5F8E09-3509-4158-ADF5-E2C5754CDF7C}.Release|Any CPU.ActiveCfg = Release|Any CPU
		{7C5F8E09-3509-4158-ADF5-E2C5754CDF7C}.Release|Any CPU.Build.0 = Release|Any CPU
		{89E454D6-41D9-4684-96C5-09D8D92BDBC3}.Debug|Any CPU.ActiveCfg = Debug|Any CPU
		{89E454D6-41D9-4684-96C5-09D8D92BDBC3}.Debug|Any CPU.Build.0 = Debug|Any CPU
		{89E454D6-41D9-4684-96C5-09D8D92BDBC3}.Release|Any CPU.ActiveCfg = Release|Any CPU
		{89E454D6-41D9-4684-96C5-09D8D92BDBC3}.Release|Any CPU.Build.0 = Release|Any CPU
		{74597272-59C4-400F-9A83-F0735CCE2189}.Debug|Any CPU.ActiveCfg = Debug|Any CPU
		{74597272-59C4-400F-9A83-F0735CCE2189}.Debug|Any CPU.Build.0 = Debug|Any CPU
		{74597272-59C4-400F-9A83-F0735CCE2189}.Release|Any CPU.ActiveCfg = Release|Any CPU
		{74597272-59C4-400F-9A83-F0735CCE2189}.Release|Any CPU.Build.0 = Release|Any CPU
	EndGlobalSection
	GlobalSection(SolutionProperties) = preSolution
		HideSolutionNode = FALSE
	EndGlobalSection
	GlobalSection(NestedProjects) = preSolution
		{6867912C-8EF2-408A-8C2A-AA12E7D434CA} = {89483C69-8AFD-4B00-910C-97AE190ADE85}
		{474C1803-3511-443A-879B-56AE446F6B12} = {CBB5DF61-7938-463A-946E-736F01F82131}
		{8B7919D5-7C24-4640-9F36-11CE03C41F39} = {CBB5DF61-7938-463A-946E-736F01F82131}
		{015B6231-581A-4644-B17B-11A67E559C5A} = {CBB5DF61-7938-463A-946E-736F01F82131}
		{34A4B017-285E-48E4-A784-175F12907EB4} = {89483C69-8AFD-4B00-910C-97AE190ADE85}
		{73E2CA53-E4B2-446E-8DF6-2D5DB6511C64} = {89483C69-8AFD-4B00-910C-97AE190ADE85}
		{7C5F8E09-3509-4158-ADF5-E2C5754CDF7C} = {053DC4D9-35F6-4EC5-A83F-86E47C47E770}
		{89E454D6-41D9-4684-96C5-09D8D92BDBC3} = {CBB5DF61-7938-463A-946E-736F01F82131}
		{74597272-59C4-400F-9A83-F0735CCE2189} = {053DC4D9-35F6-4EC5-A83F-86E47C47E770}
	EndGlobalSection
	GlobalSection(ExtensibilityGlobals) = postSolution
		SolutionGuid = {6F76CB18-7CF2-45E1-BD46-F4A82387F9F3}
	EndGlobalSection
EndGlobal
