Microsoft Visual Studio Solution File, Format Version 12.00
# Visual Studio Version 16
VisualStudioVersion = 16.0.28729.10
MinimumVisualStudioVersion = 10.0.40219.1
Project("{2150E333-8FDC-42A3-9474-1A3956D46DE8}") = "Src", "Src", "{CBB5DF61-7938-463A-946E-736F01F82131}"
EndProject
Project("{2150E333-8FDC-42A3-9474-1A3956D46DE8}") = "Test", "Test", "{053DC4D9-35F6-4EC5-A83F-86E47C47E770}"
EndProject
Project("{9A19103F-16F7-4668-BE54-9A1E7A4F7556}") = "CmsDemo.Core", "CmsDemo.Core\CmsDemo.Core.csproj", "{8B7919D5-7C24-4640-9F36-11CE03C41F39}"
EndProject
Project("{9A19103F-16F7-4668-BE54-9A1E7A4F7556}") = "CmsDemo.Models", "CmsDemo.Models\CmsDemo.Models.csproj", "{015B6231-581A-4644-B17B-11A67E559C5A}"
EndProject
Project("{9A19103F-16F7-4668-BE54-9A1E7A4F7556}") = "CmsDemo.WebManage", "CmsDemo.WebManage\CmsDemo.WebManage.csproj", "{34A4B017-285E-48E4-A784-175F12907EB4}"
EndProject
Project("{9A19103F-16F7-4668-BE54-9A1E7A4F7556}") = "CmsDemo.WebApi", "CmsDemo.WebApi\CmsDemo.WebApi.csproj", "{73E2CA53-E4B2-446E-8DF6-2D5DB6511C64}"
EndProject
Project("{9A19103F-16F7-4668-BE54-9A1E7A4F7556}") = "CmsDemo.Services", "CmsDemo.Services\CmsDemo.Services.csproj", "{89E454D6-41D9-4684-96C5-09D8D92BDBC3}"
EndProject
Project("{9A19103F-16F7-4668-BE54-9A1E7A4F7556}") = "CmsDemo.ServicesTest", "CmsDemo.ServicesTest\CmsDemo.ServicesTest.csproj", "{74597272-59C4-400F-9A83-F0735CCE2189}"
EndProject
Project("{9A19103F-16F7-4668-BE54-9A1E7A4F7556}") = "CmsDemo.Test.Core", "CmsDemo.Test.Core\CmsDemo.Test.Core.csproj", "{538C54E7-33CC-4297-8D2E-EE117B589D40}"
EndProject
Global
	GlobalSection(SolutionConfigurationPlatforms) = preSolution
		Debug|Any CPU = Debug|Any CPU
		Release|Any CPU = Release|Any CPU
	EndGlobalSection
	GlobalSection(ProjectConfigurationPlatforms) = postSolution
		{8B7919D5-7C24-4640-9F36-11CE03C41F39}.Debug|Any CPU.ActiveCfg = Debug|Any CPU
		{8B7919D5-7C24-4640-9F36-11CE03C41F39}.Debug|Any CPU.Build.0 = Debug|Any CPU
		{8B7919D5-7C24-4640-9F36-11CE03C41F39}.Release|Any CPU.ActiveCfg = Release|Any CPU
		{8B7919D5-7C24-4640-9F36-11CE03C41F39}.Release|Any CPU.Build.0 = Release|Any CPU
		{015B6231-581A-4644-B17B-11A67E559C5A}.Debug|Any CPU.ActiveCfg = Debug|Any CPU
		{015B6231-581A-4644-B17B-11A67E559C5A}.Debug|Any CPU.Build.0 = Debug|Any CPU
		{015B6231-581A-4644-B17B-11A67E559C5A}.Release|Any CPU.ActiveCfg = Release|Any CPU
		{015B6231-581A-4644-B17B-11A67E559C5A}.Release|Any CPU.Build.0 = Release|Any CPU
		{34A4B017-285E-48E4-A784-175F12907EB4}.Debug|Any CPU.ActiveCfg = Debug|Any CPU
		{34A4B017-285E-48E4-A784-175F12907EB4}.Debug|Any CPU.Build.0 = Debug|Any CPU
		{34A4B017-285E-48E4-A784-175F12907EB4}.Release|Any CPU.ActiveCfg = Release|Any CPU
		{34A4B017-285E-48E4-A784-175F12907EB4}.Release|Any CPU.Build.0 = Release|Any CPU
		{73E2CA53-E4B2-446E-8DF6-2D5DB6511C64}.Debug|Any CPU.ActiveCfg = Debug|Any CPU
		{73E2CA53-E4B2-446E-8DF6-2D5DB6511C64}.Debug|Any CPU.Build.0 = Debug|Any CPU
		{73E2CA53-E4B2-446E-8DF6-2D5DB6511C64}.Release|Any CPU.ActiveCfg = Release|Any CPU
		{73E2CA53-E4B2-446E-8DF6-2D5DB6511C64}.Release|Any CPU.Build.0 = Release|Any CPU
		{89E454D6-41D9-4684-96C5-09D8D92BDBC3}.Debug|Any CPU.ActiveCfg = Debug|Any CPU
		{89E454D6-41D9-4684-96C5-09D8D92BDBC3}.Debug|Any CPU.Build.0 = Debug|Any CPU
		{89E454D6-41D9-4684-96C5-09D8D92BDBC3}.Release|Any CPU.ActiveCfg = Release|Any CPU
		{89E454D6-41D9-4684-96C5-09D8D92BDBC3}.Release|Any CPU.Build.0 = Release|Any CPU
		{74597272-59C4-400F-9A83-F0735CCE2189}.Debug|Any CPU.ActiveCfg = Debug|Any CPU
		{74597272-59C4-400F-9A83-F0735CCE2189}.Debug|Any CPU.Build.0 = Debug|Any CPU
		{74597272-59C4-400F-9A83-F0735CCE2189}.Release|Any CPU.ActiveCfg = Release|Any CPU
		{74597272-59C4-400F-9A83-F0735CCE2189}.Release|Any CPU.Build.0 = Release|Any CPU
		{538C54E7-33CC-4297-8D2E-EE117B589D40}.Debug|Any CPU.ActiveCfg = Debug|Any CPU
		{538C54E7-33CC-4297-8D2E-EE117B589D40}.Debug|Any CPU.Build.0 = Debug|Any CPU
		{538C54E7-33CC-4297-8D2E-EE117B589D40}.Release|Any CPU.ActiveCfg = Release|Any CPU
		{538C54E7-33CC-4297-8D2E-EE117B589D40}.Release|Any CPU.Build.0 = Release|Any CPU
	EndGlobalSection
	GlobalSection(SolutionProperties) = preSolution
		HideSolutionNode = FALSE
	EndGlobalSection
	GlobalSection(NestedProjects) = preSolution
		{8B7919D5-7C24-4640-9F36-11CE03C41F39} = {CBB5DF61-7938-463A-946E-736F01F82131}
		{015B6231-581A-4644-B17B-11A67E559C5A} = {CBB5DF61-7938-463A-946E-736F01F82131}
		{34A4B017-285E-48E4-A784-175F12907EB4} = {CBB5DF61-7938-463A-946E-736F01F82131}
		{73E2CA53-E4B2-446E-8DF6-2D5DB6511C64} = {CBB5DF61-7938-463A-946E-736F01F82131}
		{89E454D6-41D9-4684-96C5-09D8D92BDBC3} = {CBB5DF61-7938-463A-946E-736F01F82131}
		{74597272-59C4-400F-9A83-F0735CCE2189} = {053DC4D9-35F6-4EC5-A83F-86E47C47E770}
		{538C54E7-33CC-4297-8D2E-EE117B589D40} = {053DC4D9-35F6-4EC5-A83F-86E47C47E770}
	EndGlobalSection
	GlobalSection(ExtensibilityGlobals) = postSolution
		SolutionGuid = {6F76CB18-7CF2-45E1-BD46-F4A82387F9F3}
	EndGlobalSection
EndGlobal
